# This file is autogenerated, do not edit; changes may be undone by the next 'dep ensure'.


[[projects]]
  digest = "1:0a801165a09e19d89a02a952f5b1eac69c06dbdc87dc2f6af5e9008ecf5b864b"
  name = "github.com/alioygur/gores"
  packages = ["."]
  pruneopts = "UT"
  revision = "4ec206ff4e3cfa5a5219d752241e89fb7d2f59e8"
  version = "v1.2.1"

[solve-meta]
  analyzer-name = "dep"
  analyzer-version = 1
  input-imports = ["github.com/alioygur/gores"]
  solver-name = "gps-cdcl"
  solver-version = 1
